// !$*UTF8*$!
{
	archiveVersion = 1;
	classes = {
	};
	objectVersion = 46;
	objects = {

/* Begin PBXBuildFile section */
		FFA9E5C21405195300B97ECC /* UIKit.framework in Frameworks */ = {isa = PBXBuildFile; fileRef = FFA9E5C11405195300B97ECC /* UIKit.framework */; };
		FFA9E5C41405195300B97ECC /* Foundation.framework in Frameworks */ = {isa = PBXBuildFile; fileRef = FFA9E5C31405195300B97ECC /* Foundation.framework */; };
		FFA9E5C61405195300B97ECC /* CoreGraphics.framework in Frameworks */ = {isa = PBXBuildFile; fileRef = FFA9E5C51405195300B97ECC /* CoreGraphics.framework */; };
		FFA9E5CC1405195400B97ECC /* InfoPlist.strings in Resources */ = {isa = PBXBuildFile; fileRef = FFA9E5CA1405195400B97ECC /* InfoPlist.strings */; };
		FFA9E5CE1405195400B97ECC /* main.m in Sources */ = {isa = PBXBuildFile; fileRef = FFA9E5CD1405195400B97ECC /* main.m */; };
		FFA9E5D21405195400B97ECC /* ReisekostenAppDelegate.m in Sources */ = {isa = PBXBuildFile; fileRef = FFA9E5D11405195400B97ECC /* ReisekostenAppDelegate.m */; };
		FFA9E5D51405195400B97ECC /* MainWindow.xib in Resources */ = {isa = PBXBuildFile; fileRef = FFA9E5D31405195400B97ECC /* MainWindow.xib */; };
		FFA9E5E11405195400B97ECC /* Export.xib in Resources */ = {isa = PBXBuildFile; fileRef = FFA9E5DF1405195400B97ECC /* Export.xib */; };
		FFA9E5EE1405248700B97ECC /* TravelController.m in Sources */ = {isa = PBXBuildFile; fileRef = FFA9E5EC1405248700B97ECC /* TravelController.m */; };
		FFA9E5EF1405248700B97ECC /* Travel.xib in Resources */ = {isa = PBXBuildFile; fileRef = FFA9E5ED1405248700B97ECC /* Travel.xib */; };
		FFA9E5F614052E8900B97ECC /* ExportController.m in Sources */ = {isa = PBXBuildFile; fileRef = FFA9E5F514052E8900B97ECC /* ExportController.m */; };
/* End PBXBuildFile section */

/* Begin PBXFileReference section */
		FFA9E5BD1405195300B97ECC /* Reisekosten.app */ = {isa = PBXFileReference; explicitFileType = wrapper.application; includeInIndex = 0; path = Reisekosten.app; sourceTree = BUILT_PRODUCTS_DIR; };
		FFA9E5C11405195300B97ECC /* UIKit.framework */ = {isa = PBXFileReference; lastKnownFileType = wrapper.framework; name = UIKit.framework; path = System/Library/Frameworks/UIKit.framework; sourceTree = SDKROOT; };
		FFA9E5C31405195300B97ECC /* Foundation.framework */ = {isa = PBXFileReference; lastKnownFileType = wrapper.framework; name = Foundation.framework; path = System/Library/Frameworks/Foundation.framework; sourceTree = SDKROOT; };
		FFA9E5C51405195300B97ECC /* CoreGraphics.framework */ = {isa = PBXFileReference; lastKnownFileType = wrapper.framework; name = CoreGraphics.framework; path = System/Library/Frameworks/CoreGraphics.framework; sourceTree = SDKROOT; };
		FFA9E5C91405195400B97ECC /* Reisekosten-Info.plist */ = {isa = PBXFileReference; lastKnownFileType = text.plist.xml; path = "Reisekosten-Info.plist"; sourceTree = "<group>"; };
		FFA9E5CB1405195400B97ECC /* en */ = {isa = PBXFileReference; lastKnownFileType = text.plist.strings; name = en; path = en.lproj/InfoPlist.strings; sourceTree = "<group>"; };
		FFA9E5CD1405195400B97ECC /* main.m */ = {isa = PBXFileReference; lastKnownFileType = sourcecode.c.objc; path = main.m; sourceTree = "<group>"; };
		FFA9E5CF1405195400B97ECC /* Reisekosten-Prefix.pch */ = {isa = PBXFileReference; lastKnownFileType = sourcecode.c.h; path = "Reisekosten-Prefix.pch"; sourceTree = "<group>"; };
		FFA9E5D01405195400B97ECC /* ReisekostenAppDelegate.h */ = {isa = PBXFileReference; lastKnownFileType = sourcecode.c.h; path = ReisekostenAppDelegate.h; sourceTree = "<group>"; };
		FFA9E5D11405195400B97ECC /* ReisekostenAppDelegate.m */ = {isa = PBXFileReference; lastKnownFileType = sourcecode.c.objc; path = ReisekostenAppDelegate.m; sourceTree = "<group>"; };
		FFA9E5D41405195400B97ECC /* en */ = {isa = PBXFileReference; lastKnownFileType = file.xib; name = en; path = en.lproj/MainWindow.xib; sourceTree = "<group>"; };
		FFA9E5E01405195400B97ECC /* en */ = {isa = PBXFileReference; lastKnownFileType = file.xib; name = en; path = en.lproj/Export.xib; sourceTree = "<group>"; };
		FFA9E5EB1405248700B97ECC /* TravelController.h */ = {isa = PBXFileReference; fileEncoding = 4; lastKnownFileType = sourcecode.c.h; path = TravelController.h; sourceTree = "<group>"; };
		FFA9E5EC1405248700B97ECC /* TravelController.m */ = {isa = PBXFileReference; fileEncoding = 4; lastKnownFileType = sourcecode.c.objc; path = TravelController.m; sourceTree = "<group>"; };
		FFA9E5ED1405248700B97ECC /* Travel.xib */ = {isa = PBXFileReference; fileEncoding = 4; lastKnownFileType = file.xib; path = Travel.xib; sourceTree = "<group>"; };
		FFA9E5F414052E8900B97ECC /* ExportController.h */ = {isa = PBXFileReference; fileEncoding = 4; lastKnownFileType = sourcecode.c.h; path = ExportController.h; sourceTree = "<group>"; };
		FFA9E5F514052E8900B97ECC /* ExportController.m */ = {isa = PBXFileReference; fileEncoding = 4; lastKnownFileType = sourcecode.c.objc; path = ExportController.m; sourceTree = "<group>"; };
/* End PBXFileReference section */

/* Begin PBXFrameworksBuildPhase section */
		FFA9E5BA1405195300B97ECC /* Frameworks */ = {
			isa = PBXFrameworksBuildPhase;
			buildActionMask = 2147483647;
			files = (
				FFA9E5C21405195300B97ECC /* UIKit.framework in Frameworks */,
				FFA9E5C41405195300B97ECC /* Foundation.framework in Frameworks */,
				FFA9E5C61405195300B97ECC /* CoreGraphics.framework in Frameworks */,
			);
			runOnlyForDeploymentPostprocessing = 0;
		};
/* End PBXFrameworksBuildPhase section */

/* Begin PBXGroup section */
		FFA9E5B21405195300B97ECC = {
			isa = PBXGroup;
			children = (
				FFA9E5C71405195400B97ECC /* Reisekosten */,
				FFA9E5C01405195300B97ECC /* Frameworks */,
				FFA9E5BE1405195300B97ECC /* Products */,
			);
			sourceTree = "<group>";
		};
		FFA9E5BE1405195300B97ECC /* Products */ = {
			isa = PBXGroup;
			children = (
				FFA9E5BD1405195300B97ECC /* Reisekosten.app */,
			);
			name = Products;
			sourceTree = "<group>";
		};
		FFA9E5C01405195300B97ECC /* Frameworks */ = {
			isa = PBXGroup;
			children = (
				FFA9E5C11405195300B97ECC /* UIKit.framework */,
				FFA9E5C31405195300B97ECC /* Foundation.framework */,
				FFA9E5C51405195300B97ECC /* CoreGraphics.framework */,
			);
			name = Frameworks;
			sourceTree = "<group>";
		};
		FFA9E5C71405195400B97ECC /* Reisekosten */ = {
			isa = PBXGroup;
			children = (
				FFA9E5D01405195400B97ECC /* ReisekostenAppDelegate.h */,
				FFA9E5D11405195400B97ECC /* ReisekostenAppDelegate.m */,
				FFA9E5D31405195400B97ECC /* MainWindow.xib */,
				FFA9E5F414052E8900B97ECC /* ExportController.h */,
				FFA9E5F514052E8900B97ECC /* ExportController.m */,
				FFA9E5DF1405195400B97ECC /* Export.xib */,
				FFA9E5EB1405248700B97ECC /* TravelController.h */,
				FFA9E5EC1405248700B97ECC /* TravelController.m */,
				FFA9E5ED1405248700B97ECC /* Travel.xib */,
				FFA9E5C81405195400B97ECC /* Supporting Files */,
			);
			path = Reisekosten;
			sourceTree = "<group>";
		};
		FFA9E5C81405195400B97ECC /* Supporting Files */ = {
			isa = PBXGroup;
			children = (
				FFA9E5C91405195400B97ECC /* Reisekosten-Info.plist */,
				FFA9E5CA1405195400B97ECC /* InfoPlist.strings */,
				FFA9E5CD1405195400B97ECC /* main.m */,
				FFA9E5CF1405195400B97ECC /* Reisekosten-Prefix.pch */,
			);
			name = "Supporting Files";
			sourceTree = "<group>";
		};
/* End PBXGroup section */

/* Begin PBXNativeTarget section */
		FFA9E5BC1405195300B97ECC /* Reisekosten */ = {
			isa = PBXNativeTarget;
			buildConfigurationList = FFA9E5E41405195400B97ECC /* Build configuration list for PBXNativeTarget "Reisekosten" */;
			buildPhases = (
				FFA9E5B91405195300B97ECC /* Sources */,
				FFA9E5BA1405195300B97ECC /* Frameworks */,
				FFA9E5BB1405195300B97ECC /* Resources */,
			);
			buildRules = (
			);
			dependencies = (
			);
			name = Reisekosten;
			productName = Reisekosten;
			productReference = FFA9E5BD1405195300B97ECC /* Reisekosten.app */;
			productType = "com.apple.product-type.application";
		};
/* End PBXNativeTarget section */

/* Begin PBXProject section */
		FFA9E5B41405195300B97ECC /* Project object */ = {
			isa = PBXProject;
			attributes = {
				ORGANIZATIONNAME = "ObjectCode GmbH";
			};
			buildConfigurationList = FFA9E5B71405195300B97ECC /* Build configuration list for PBXProject "Reisekosten" */;
			compatibilityVersion = "Xcode 3.2";
			developmentRegion = English;
			hasScannedForEncodings = 0;
			knownRegions = (
				en,
			);
			mainGroup = FFA9E5B21405195300B97ECC;
			productRefGroup = FFA9E5BE1405195300B97ECC /* Products */;
			projectDirPath = "";
			projectRoot = "";
			targets = (
				FFA9E5BC1405195300B97ECC /* Reisekosten */,
			);
		};
/* End PBXProject section */

/* Begin PBXResourcesBuildPhase section */
		FFA9E5BB1405195300B97ECC /* Resources */ = {
			isa = PBXResourcesBuildPhase;
			buildActionMask = 2147483647;
			files = (
				FFA9E5CC1405195400B97ECC /* InfoPlist.strings in Resources */,
				FFA9E5D51405195400B97ECC /* MainWindow.xib in Resources */,
				FFA9E5E11405195400B97ECC /* Export.xib in Resources */,
				FFA9E5EF1405248700B97ECC /* Travel.xib in Resources */,
			);
			runOnlyForDeploymentPostprocessing = 0;
		};
/* End PBXResourcesBuildPhase section */

/* Begin PBXSourcesBuildPhase section */
		FFA9E5B91405195300B97ECC /* Sources */ = {
			isa = PBXSourcesBuildPhase;
			buildActionMask = 2147483647;
			files = (
				FFA9E5CE1405195400B97ECC /* main.m in Sources */,
				FFA9E5D21405195400B97ECC /* ReisekostenAppDelegate.m in Sources */,
				FFA9E5EE1405248700B97ECC /* TravelController.m in Sources */,
				FFA9E5F614052E8900B97ECC /* ExportController.m in Sources */,
			);
			runOnlyForDeploymentPostprocessing = 0;
		};
/* End PBXSourcesBuildPhase section */

/* Begin PBXVariantGroup section */
		FFA9E5CA1405195400B97ECC /* InfoPlist.strings */ = {
			isa = PBXVariantGroup;
			children = (
				FFA9E5CB1405195400B97ECC /* en */,
			);
			name = InfoPlist.strings;
			sourceTree = "<group>";
		};
		FFA9E5D31405195400B97ECC /* MainWindow.xib */ = {
			isa = PBXVariantGroup;
			children = (
				FFA9E5D41405195400B97ECC /* en */,
			);
			name = MainWindow.xib;
			sourceTree = "<group>";
		};
		FFA9E5DF1405195400B97ECC /* Export.xib */ = {
			isa = PBXVariantGroup;
			children = (
				FFA9E5E01405195400B97ECC /* en */,
			);
			name = Export.xib;
			sourceTree = "<group>";
		};
/* End PBXVariantGroup section */

/* Begin XCBuildConfiguration section */
		FFA9E5E21405195400B97ECC /* Debug */ = {
			isa = XCBuildConfiguration;
			buildSettings = {
				ALWAYS_SEARCH_USER_PATHS = NO;
				ARCHS = "$(ARCHS_STANDARD_32_BIT)";
				"CODE_SIGN_IDENTITY[sdk=iphoneos*]" = "iPhone Developer";
				COPY_PHASE_STRIP = NO;
				GCC_C_LANGUAGE_STANDARD = gnu99;
				GCC_DYNAMIC_NO_PIC = NO;
				GCC_OPTIMIZATION_LEVEL = 0;
				GCC_PREPROCESSOR_DEFINITIONS = (
					"DEBUG=1",
					"$(inherited)",
				);
				GCC_SYMBOLS_PRIVATE_EXTERN = NO;
				GCC_VERSION = com.apple.compilers.llvmgcc42;
				GCC_WARN_ABOUT_MISSING_PROTOTYPES = YES;
				GCC_WARN_ABOUT_RETURN_TYPE = YES;
				GCC_WARN_UNUSED_VARIABLE = YES;
				IPHONEOS_DEPLOYMENT_TARGET = 4.3;
				SDKROOT = iphoneos;
			};
			name = Debug;
		};
		FFA9E5E31405195400B97ECC /* Release */ = {
			isa = XCBuildConfiguration;
			buildSettings = {
				ALWAYS_SEARCH_USER_PATHS = NO;
				ARCHS = "$(ARCHS_STANDARD_32_BIT)";
				"CODE_SIGN_IDENTITY[sdk=iphoneos*]" = "iPhone Developer";
				COPY_PHASE_STRIP = YES;
				GCC_C_LANGUAGE_STANDARD = gnu99;
				GCC_VERSION = com.apple.compilers.llvmgcc42;
				GCC_WARN_ABOUT_MISSING_PROTOTYPES = YES;
				GCC_WARN_ABOUT_RETURN_TYPE = YES;
				GCC_WARN_UNUSED_VARIABLE = YES;
				IPHONEOS_DEPLOYMENT_TARGET = 4.3;
				OTHER_CFLAGS = "-DNS_BLOCK_ASSERTIONS=1";
				SDKROOT = iphoneos;
				VALIDATE_PRODUCT = YES;
			};
			name = Release;
		};
		FFA9E5E51405195400B97ECC /* Debug */ = {
			isa = XCBuildConfiguration;
			buildSettings = {
				GCC_PRECOMPILE_PREFIX_HEADER = YES;
				GCC_PREFIX_HEADER = "Reisekosten/Reisekosten-Prefix.pch";
				INFOPLIST_FILE = "Reisekosten/Reisekosten-Info.plist";
				PRODUCT_NAME = "$(TARGET_NAME)";
				WRAPPER_EXTENSION = app;
			};
			name = Debug;
		};
		FFA9E5E61405195400B97ECC /* Release */ = {
			isa = XCBuildConfiguration;
			buildSettings = {
				GCC_PRECOMPILE_PREFIX_HEADER = YES;
				GCC_PREFIX_HEADER = "Reisekosten/Reisekosten-Prefix.pch";
				INFOPLIST_FILE = "Reisekosten/Reisekosten-Info.plist";
				PRODUCT_NAME = "$(TARGET_NAME)";
				WRAPPER_EXTENSION = app;
			};
			name = Release;
		};
/* End XCBuildConfiguration section */

/* Begin XCConfigurationList section */
		FFA9E5B71405195300B97ECC /* Build configuration list for PBXProject "Reisekosten" */ = {
			isa = XCConfigurationList;
			buildConfigurations = (
				FFA9E5E21405195400B97ECC /* Debug */,
				FFA9E5E31405195400B97ECC /* Release */,
			);
			defaultConfigurationIsVisible = 0;
			defaultConfigurationName = Release;
		};
		FFA9E5E41405195400B97ECC /* Build configuration list for PBXNativeTarget "Reisekosten" */ = {
			isa = XCConfigurationList;
			buildConfigurations = (
				FFA9E5E51405195400B97ECC /* Debug */,
				FFA9E5E61405195400B97ECC /* Release */,
			);
			defaultConfigurationIsVisible = 0;
			defaultConfigurationName = Release;
		};
/* End XCConfigurationList section */
	};
	rootObject = FFA9E5B41405195300B97ECC /* Project object */;
}
